schema: '2.0'
stages:
  data_load:
    cmd: python3 data_load.py
    deps:
    - path: data_load.py
      md5: d9cc3bd2e4173768b530d570b6308086
      size: 886
    outs:
    - path: prepared_data.csv
      md5: 8ad8fb0508bb51d739bbbf4d161049ba
      size: 62277
  prepare_and_train:
    cmd: python3 prepare_and_train.py
    deps:
    - path: prepare_and_train.py
      md5: 8feab1a0b692ef07bf34917e7e88229e
      size: 1101
    - path: prepared_data.csv
      md5: 8ad8fb0508bb51d739bbbf4d161049ba
      size: 62277
    outs:
    - path: metrics.json
      md5: 1133b37c024eccbfe48bfde7c02735c3
      size: 87
  data_prep:
    cmd: python3 data_load.py
    deps:
    - path: AirQualityUCI.csv
      md5: 6ea455cfb02ce28a5f891ced05d16d83
      size: 785065
    - path: data_load.py
      md5: d9cc3bd2e4173768b530d570b6308086
      size: 886
    outs:
    - path: prepared_data.csv
      md5: 8ad8fb0508bb51d739bbbf4d161049ba
      size: 62277
